
Microsoft Visual Studio Solution File, Format Version 12.00
# Visual Studio Version 17
VisualStudioVersion = 17.11.35327.3
MinimumVisualStudioVersion = 10.0.40219.1
Project("{FAE04EC0-301F-11D3-BF4B-00C04F79EFBC}") = "CreditCardApplication", "CreditCardApplication\CreditCardApplication.csproj", "{11952945-E3E4-4675-B670-0E7CE2A1CF4E}"
EndProject
Project("{FAE04EC0-301F-11D3-BF4B-00C04F79EFBC}") = "CreditCardApplication.Tests", "CreditCardApplication.Tests\CreditCardApplication.Tests.csproj", "{C3F37A28-E64E-4DA4-9370-1C26D240FFD7}"
EndProject
Global
	GlobalSection(SolutionConfigurationPlatforms) = preSolution
		Debug|Any CPU = Debug|Any CPU
		Release|Any CPU = Release|Any CPU
	EndGlobalSection
	GlobalSection(ProjectConfigurationPlatforms) = postSolution
		{11952945-E3E4-4675-B670-0E7CE2A1CF4E}.Debug|Any CPU.ActiveCfg = Debug|Any CPU
		{11952945-E3E4-4675-B670-0E7CE2A1CF4E}.Debug|Any CPU.Build.0 = Debug|Any CPU
		{11952945-E3E4-4675-B670-0E7CE2A1CF4E}.Release|Any CPU.ActiveCfg = Release|Any CPU
		{11952945-E3E4-4675-B670-0E7CE2A1CF4E}.Release|Any CPU.Build.0 = Release|Any CPU
		{C3F37A28-E64E-4DA4-9370-1C26D240FFD7}.Debug|Any CPU.ActiveCfg = Debug|Any CPU
		{C3F37A28-E64E-4DA4-9370-1C26D240FFD7}.Debug|Any CPU.Build.0 = Debug|Any CPU
		{C3F37A28-E64E-4DA4-9370-1C26D240FFD7}.Release|Any CPU.ActiveCfg = Release|Any CPU
		{C3F37A28-E64E-4DA4-9370-1C26D240FFD7}.Release|Any CPU.Build.0 = Release|Any CPU
	EndGlobalSection
	GlobalSection(SolutionProperties) = preSolution
		HideSolutionNode = FALSE
	EndGlobalSection
	GlobalSection(ExtensibilityGlobals) = postSolution
		SolutionGuid = {4B25AD98-ADAB-412C-A637-AA52DB7C1AE9}
	EndGlobalSection
EndGlobal
